// !$*UTF8*$!
{
	archiveVersion = 1;
	classes = {
	};
	objectVersion = 77;
	objects = {

/* Begin PBXFileReference section */
		3968DFAD2FC3AF86004F00AD /* ClipboardHistory.app */ = {isa = PBXFileReference; explicitFileType = wrapper.application; includeInIndex = 0; path = ClipboardHistory.app; sourceTree = BUILT_PRODUCTS_DIR; };
		F1A2B3C42FC3AF86004F00AD /* ClipboardHistoryTests.xctest */ = {isa = PBXFileReference; explicitFileType = wrapper.cfbundle; includeInIndex = 0; path = ClipboardHistoryTests.xctest; sourceTree = BUILT_PRODUCTS_DIR; };
/* End PBXFileReference section */

/* Begin PBXFileSystemSynchronizedBuildFileExceptionSet section */
		A1B2C3D42FC3AF86004F00AD /* Exceptions for "ClipboardHistory" folder in "ClipboardHistory" target */ = {
			isa = PBXFileSystemSynchronizedBuildFileExceptionSet;
			membershipExceptions = (
				Info.plist,
				ClipboardHistory.entitlements,
			);
			target = 3968DFAC2FC3AF86004F00AD /* ClipboardHistory */;
		};
/* End PBXFileSystemSynchronizedBuildFileExceptionSet section */

/* Begin PBXFileSystemSynchronizedRootGroup section */
		3968DFAF2FC3AF86004F00AD /* ClipboardHistory */ = {
			isa = PBXFileSystemSynchronizedRootGroup;
			exceptions = (
				A1B2C3D42FC3AF86004F00AD /* Exceptions for "ClipboardHistory" folder in "ClipboardHistory" target */,
			);
			path = ClipboardHistory;
			sourceTree = "<group>";
		};
		F3A2B3C42FC3AF86004F00AD /* ClipboardHistoryTests */ = {
			isa = PBXFileSystemSynchronizedRootGroup;
			path = ClipboardHistoryTests;
			sourceTree = "<group>";
		};
/* End PBXFileSystemSynchronizedRootGroup section */

/* Begin PBXFrameworksBuildPhase section */
		3968DFAA2FC3AF86004F00AD /* Frameworks */ = {
			isa = PBXFrameworksBuildPhase;
			buildActionMask = 2147483647;
			files = (
			);
			runOnlyForDeploymentPostprocessing = 0;
		};
		F5A2B3C42FC3AF86004F00AD /* Frameworks */ = {
			isa = PBXFrameworksBuildPhase;
			buildActionMask = 2147483647;
			files = (
			);
			runOnlyForDeploymentPostprocessing = 0;
		};
/* End PBXFrameworksBuildPhase section */

/* Begin PBXGroup section */
		3968DFA42FC3AF86004F00AD = {
			isa = PBXGroup;
			children = (
				3968DFAF2FC3AF86004F00AD /* ClipboardHistory */,
				F3A2B3C42FC3AF86004F00AD /* ClipboardHistoryTests */,
				3968DFAE2FC3AF86004F00AD /* Products */,
			);
			sourceTree = "<group>";
		};
		3968DFAE2FC3AF86004F00AD /* Products */ = {
			isa = PBXGroup;
			children = (
				3968DFAD2FC3AF86004F00AD /* ClipboardHistory.app */,
				F1A2B3C42FC3AF86004F00AD /* ClipboardHistoryTests.xctest */,
			);
			name = Products;
			sourceTree = "<group>";
		};
/* End PBXGroup section */

/* Begin PBXNativeTarget section */
		3968DFAC2FC3AF86004F00AD /* ClipboardHistory */ = {
			isa = PBXNativeTarget;
			buildConfigurationList = 3968DFB82FC3AF87004F00AD /* Build configuration list for PBXNativeTarget "ClipboardHistory" */;
			buildPhases = (
				3968DFA92FC3AF86004F00AD /* Sources */,
				3968DFAA2FC3AF86004F00AD /* Frameworks */,
				3968DFAB2FC3AF86004F00AD /* Resources */,
				B1C2D3E42FC3AF86004F00AD /* Copy CLI script */,
			);
			buildRules = (
			);
			dependencies = (
			);
			fileSystemSynchronizedGroups = (
				3968DFAF2FC3AF86004F00AD /* ClipboardHistory */,
			);
			name = ClipboardHistory;
			packageProductDependencies = (
			);
			productName = ClipboardHistory;
			productReference = 3968DFAD2FC3AF86004F00AD /* ClipboardHistory.app */;
			productType = "com.apple.product-type.application";
		};
		F2A2B3C42FC3AF86004F00AD /* ClipboardHistoryTests */ = {
			isa = PBXNativeTarget;
			buildConfigurationList = F8A2B3C42FC3AF86004F00AD /* Build configuration list for PBXNativeTarget "ClipboardHistoryTests" */;
			buildPhases = (
				F4A2B3C42FC3AF86004F00AD /* Sources */,
				F5A2B3C42FC3AF86004F00AD /* Frameworks */,
			);
			buildRules = (
			);
			dependencies = (
				F6A2B3C42FC3AF86004F00AD /* PBXTargetDependency */,
			);
			fileSystemSynchronizedGroups = (
				F3A2B3C42FC3AF86004F00AD /* ClipboardHistoryTests */,
			);
			name = ClipboardHistoryTests;
			packageProductDependencies = (
			);
			productName = ClipboardHistoryTests;
			productReference = F1A2B3C42FC3AF86004F00AD /* ClipboardHistoryTests.xctest */;
			productType = "com.apple.product-type.bundle.unit-test";
		};
/* End PBXNativeTarget section */

/* Begin PBXProject section */
		3968DFA52FC3AF86004F00AD /* Project object */ = {
			isa = PBXProject;
			attributes = {
				BuildIndependentTargetsInParallel = 1;
				LastSwiftUpdateCheck = 2650;
				LastUpgradeCheck = 2650;
				TargetAttributes = {
					3968DFAC2FC3AF86004F00AD = {
						CreatedOnToolsVersion = 26.5;
					};
					F2A2B3C42FC3AF86004F00AD = {
						CreatedOnToolsVersion = 26.5;
						TestTargetID = 3968DFAC2FC3AF86004F00AD;
					};
				};
			};
			buildConfigurationList = 3968DFA82FC3AF86004F00AD /* Build configuration list for PBXProject "ClipboardHistory" */;
			developmentRegion = en;
			hasScannedForEncodings = 0;
			knownRegions = (
				en,
				Base,
			);
			mainGroup = 3968DFA42FC3AF86004F00AD;
			minimizedProjectReferenceProxies = 1;
			preferredProjectObjectVersion = 77;
			productRefGroup = 3968DFAE2FC3AF86004F00AD /* Products */;
			projectDirPath = "";
			projectRoot = "";
			targets = (
				3968DFAC2FC3AF86004F00AD /* ClipboardHistory */,
				F2A2B3C42FC3AF86004F00AD /* ClipboardHistoryTests */,
			);
		};
/* End PBXProject section */

/* Begin PBXContainerItemProxy section */
		F7A2B3C42FC3AF86004F00AD /* PBXContainerItemProxy */ = {
			isa = PBXContainerItemProxy;
			containerPortal = 3968DFA52FC3AF86004F00AD /* Project object */;
			proxyType = 1;
			remoteGlobalIDString = 3968DFAC2FC3AF86004F00AD;
			remoteInfo = ClipboardHistory;
		};
/* End PBXContainerItemProxy section */

/* Begin PBXTargetDependency section */
		F6A2B3C42FC3AF86004F00AD /* PBXTargetDependency */ = {
			isa = PBXTargetDependency;
			target = 3968DFAC2FC3AF86004F00AD /* ClipboardHistory */;
			targetProxy = F7A2B3C42FC3AF86004F00AD /* PBXContainerItemProxy */;
		};
/* End PBXTargetDependency section */

/* Begin PBXResourcesBuildPhase section */
		3968DFAB2FC3AF86004F00AD /* Resources */ = {
			isa = PBXResourcesBuildPhase;
			buildActionMask = 2147483647;
			files = (
			);
			runOnlyForDeploymentPostprocessing = 0;
		};
/* End PBXResourcesBuildPhase section */

/* Begin PBXShellScriptBuildPhase section */
		B1C2D3E42FC3AF86004F00AD /* Copy CLI script */ = {
			isa = PBXShellScriptBuildPhase;
			alwaysOutOfDate = 1;
			buildActionMask = 2147483647;
			files = (
			);
			inputFileListPaths = (
			);
			inputPaths = (
				"$(SRCROOT)/Scripts/cliph",
			);
			name = "Copy CLI script";
			outputFileListPaths = (
			);
			outputPaths = (
				"$(TARGET_BUILD_DIR)/$(WRAPPER_NAME)/Contents/Resources/cliph",
			);
			runOnlyForDeploymentPostprocessing = 0;
			shellPath = /bin/sh;
			shellScript = "set -e\ncp \"$SCRIPT_INPUT_FILE_0\" \"$SCRIPT_OUTPUT_FILE_0\"\nchmod +x \"$SCRIPT_OUTPUT_FILE_0\"\n";
		};
/* End PBXShellScriptBuildPhase section */

/* Begin PBXSourcesBuildPhase section */
		3968DFA92FC3AF86004F00AD /* Sources */ = {
			isa = PBXSourcesBuildPhase;
			buildActionMask = 2147483647;
			files = (
			);
			runOnlyForDeploymentPostprocessing = 0;
		};
		F4A2B3C42FC3AF86004F00AD /* Sources */ = {
			isa = PBXSourcesBuildPhase;
			buildActionMask = 2147483647;
			files = (
			);
			runOnlyForDeploymentPostprocessing = 0;
		};
/* End PBXSourcesBuildPhase section */

/* Begin XCBuildConfiguration section */
		3968DFB62FC3AF87004F00AD /* Debug */ = {
			isa = XCBuildConfiguration;
			buildSettings = {
				ALWAYS_SEARCH_USER_PATHS = NO;
				ASSETCATALOG_COMPILER_GENERATE_SWIFT_ASSET_SYMBOL_EXTENSIONS = YES;
				CLANG_ANALYZER_NONNULL = YES;
				CLANG_ANALYZER_NUMBER_OBJECT_CONVERSION = YES_AGGRESSIVE;
				CLANG_CXX_LANGUAGE_STANDARD = "gnu++20";
				CLANG_ENABLE_MODULES = YES;
				CLANG_ENABLE_OBJC_ARC = YES;
				CLANG_ENABLE_OBJC_WEAK = YES;
				CLANG_WARN_BLOCK_CAPTURE_AUTORELEASING = YES;
				CLANG_WARN_BOOL_CONVERSION = YES;
				CLANG_WARN_COMMA = YES;
				CLANG_WARN_CONSTANT_CONVERSION = YES;
				CLANG_WARN_DEPRECATED_OBJC_IMPLEMENTATIONS = YES;
				CLANG_WARN_DIRECT_OBJC_ISA_USAGE = YES_ERROR;
				CLANG_WARN_DOCUMENTATION_COMMENTS = YES;
				CLANG_WARN_EMPTY_BODY = YES;
				CLANG_WARN_ENUM_CONVERSION = YES;
				CLANG_WARN_INFINITE_RECURSION = YES;
				CLANG_WARN_INT_CONVERSION = YES;
				CLANG_WARN_NON_LITERAL_NULL_CONVERSION = YES;
				CLANG_WARN_OBJC_IMPLICIT_RETAIN_SELF = YES;
				CLANG_WARN_OBJC_LITERAL_CONVERSION = YES;
				CLANG_WARN_OBJC_ROOT_CLASS = YES_ERROR;
				CLANG_WARN_QUOTED_INCLUDE_IN_FRAMEWORK_HEADER = YES;
				CLANG_WARN_RANGE_LOOP_ANALYSIS = YES;
				CLANG_WARN_STRICT_PROTOTYPES = YES;
				CLANG_WARN_SUSPICIOUS_MOVE = YES;
				CLANG_WARN_UNGUARDED_AVAILABILITY = YES_AGGRESSIVE;
				CLANG_WARN_UNREACHABLE_CODE = YES;
				CLANG_WARN__DUPLICATE_METHOD_MATCH = YES;
				COPY_PHASE_STRIP = NO;
				DEBUG_INFORMATION_FORMAT = dwarf;
				ENABLE_STRICT_OBJC_MSGSEND = YES;
				ENABLE_TESTABILITY = YES;
				ENABLE_USER_SCRIPT_SANDBOXING = YES;
				GCC_C_LANGUAGE_STANDARD = gnu17;
				GCC_DYNAMIC_NO_PIC = NO;
				GCC_NO_COMMON_BLOCKS = YES;
				GCC_OPTIMIZATION_LEVEL = 0;
				GCC_PREPROCESSOR_DEFINITIONS = (
					"DEBUG=1",
					"$(inherited)",
				);
				GCC_WARN_64_TO_32_BIT_CONVERSION = YES;
				GCC_WARN_ABOUT_RETURN_TYPE = YES_ERROR;
				GCC_WARN_UNDECLARED_SELECTOR = YES;
				GCC_WARN_UNINITIALIZED_AUTOS = YES_AGGRESSIVE;
				GCC_WARN_UNUSED_FUNCTION = YES;
				GCC_WARN_UNUSED_VARIABLE = YES;
				LOCALIZATION_PREFERS_STRING_CATALOGS = YES;
				MACOSX_DEPLOYMENT_TARGET = 26.0;
				MTL_ENABLE_DEBUG_INFO = INCLUDE_SOURCE;
				MTL_FAST_MATH = YES;
				ONLY_ACTIVE_ARCH = YES;
				SDKROOT = macosx;
				SWIFT_ACTIVE_COMPILATION_CONDITIONS = "DEBUG $(inherited)";
				SWIFT_OPTIMIZATION_LEVEL = "-Onone";
			};
			name = Debug;
		};
		3968DFB72FC3AF87004F00AD /* Release */ = {
			isa = XCBuildConfiguration;
			buildSettings = {
				ALWAYS_SEARCH_USER_PATHS = NO;
				ASSETCATALOG_COMPILER_GENERATE_SWIFT_ASSET_SYMBOL_EXTENSIONS = YES;
				CLANG_ANALYZER_NONNULL = YES;
				CLANG_ANALYZER_NUMBER_OBJECT_CONVERSION = YES_AGGRESSIVE;
				CLANG_CXX_LANGUAGE_STANDARD = "gnu++20";
				CLANG_ENABLE_MODULES = YES;
				CLANG_ENABLE_OBJC_ARC = YES;
				CLANG_ENABLE_OBJC_WEAK = YES;
				CLANG_WARN_BLOCK_CAPTURE_AUTORELEASING = YES;
				CLANG_WARN_BOOL_CONVERSION = YES;
				CLANG_WARN_COMMA = YES;
				CLANG_WARN_CONSTANT_CONVERSION = YES;
				CLANG_WARN_DEPRECATED_OBJC_IMPLEMENTATIONS = YES;
				CLANG_WARN_DIRECT_OBJC_ISA_USAGE = YES_ERROR;
				CLANG_WARN_DOCUMENTATION_COMMENTS = YES;
				CLANG_WARN_EMPTY_BODY = YES;
				CLANG_WARN_ENUM_CONVERSION = YES;
				CLANG_WARN_INFINITE_RECURSION = YES;
				CLANG_WARN_INT_CONVERSION = YES;
				CLANG_WARN_NON_LITERAL_NULL_CONVERSION = YES;
				CLANG_WARN_OBJC_IMPLICIT_RETAIN_SELF = YES;
				CLANG_WARN_OBJC_LITERAL_CONVERSION = YES;
				CLANG_WARN_OBJC_ROOT_CLASS = YES_ERROR;
				CLANG_WARN_QUOTED_INCLUDE_IN_FRAMEWORK_HEADER = YES;
				CLANG_WARN_RANGE_LOOP_ANALYSIS = YES;
				CLANG_WARN_STRICT_PROTOTYPES = YES;
				CLANG_WARN_SUSPICIOUS_MOVE = YES;
				CLANG_WARN_UNGUARDED_AVAILABILITY = YES_AGGRESSIVE;
				CLANG_WARN_UNREACHABLE_CODE = YES;
				CLANG_WARN__DUPLICATE_METHOD_MATCH = YES;
				COPY_PHASE_STRIP = NO;
				DEBUG_INFORMATION_FORMAT = "dwarf-with-dsym";
				ENABLE_NS_ASSERTIONS = NO;
				ENABLE_STRICT_OBJC_MSGSEND = YES;
				ENABLE_USER_SCRIPT_SANDBOXING = YES;
				GCC_C_LANGUAGE_STANDARD = gnu17;
				GCC_NO_COMMON_BLOCKS = YES;
				GCC_WARN_64_TO_32_BIT_CONVERSION = YES;
				GCC_WARN_ABOUT_RETURN_TYPE = YES_ERROR;
				GCC_WARN_UNDECLARED_SELECTOR = YES;
				GCC_WARN_UNINITIALIZED_AUTOS = YES_AGGRESSIVE;
				GCC_WARN_UNUSED_FUNCTION = YES;
				GCC_WARN_UNUSED_VARIABLE = YES;
				LOCALIZATION_PREFERS_STRING_CATALOGS = YES;
				MACOSX_DEPLOYMENT_TARGET = 26.0;
				MTL_ENABLE_DEBUG_INFO = NO;
				MTL_FAST_MATH = YES;
				SDKROOT = macosx;
				SWIFT_COMPILATION_MODE = wholemodule;
			};
			name = Release;
		};
		3968DFB92FC3AF87004F00AD /* Debug */ = {
			isa = XCBuildConfiguration;
			buildSettings = {
				ASSETCATALOG_COMPILER_APPICON_NAME = AppIcon;
				ASSETCATALOG_COMPILER_GLOBAL_ACCENT_COLOR_NAME = AccentColor;
				CODE_SIGN_STYLE = Automatic;
				COMBINE_HIDPI_IMAGES = YES;
				CURRENT_PROJECT_VERSION = 1;
				ENABLE_APP_SANDBOX = NO;
				ENABLE_PREVIEWS = YES;
				GENERATE_INFOPLIST_FILE = NO;
				CODE_SIGN_ENTITLEMENTS = ClipboardHistory/ClipboardHistory.entitlements;
				ENABLE_HARDENED_RUNTIME = YES;
				INFOPLIST_FILE = ClipboardHistory/Info.plist;
				LD_RUNPATH_SEARCH_PATHS = (
					"$(inherited)",
					"@executable_path/../Frameworks",
				);
				MARKETING_VERSION = 1.0;
				PRODUCT_BUNDLE_IDENTIFIER = dev.maxsiomin.cliph;
				PRODUCT_NAME = "$(TARGET_NAME)";
				STRING_CATALOG_GENERATE_SYMBOLS = YES;
				SWIFT_APPROACHABLE_CONCURRENCY = YES;
				SWIFT_DEFAULT_ACTOR_ISOLATION = MainActor;
				SWIFT_EMIT_LOC_STRINGS = YES;
				SWIFT_UPCOMING_FEATURE_MEMBER_IMPORT_VISIBILITY = YES;
				SWIFT_VERSION = 5.0;
			};
			name = Debug;
		};
		3968DFBA2FC3AF87004F00AD /* Release */ = {
			isa = XCBuildConfiguration;
			buildSettings = {
				ASSETCATALOG_COMPILER_APPICON_NAME = AppIcon;
				ASSETCATALOG_COMPILER_GLOBAL_ACCENT_COLOR_NAME = AccentColor;
				CODE_SIGN_STYLE = Automatic;
				COMBINE_HIDPI_IMAGES = YES;
				CURRENT_PROJECT_VERSION = 1;
				ENABLE_APP_SANDBOX = NO;
				ENABLE_PREVIEWS = YES;
				GENERATE_INFOPLIST_FILE = NO;
				CODE_SIGN_ENTITLEMENTS = ClipboardHistory/ClipboardHistory.entitlements;
				ENABLE_HARDENED_RUNTIME = YES;
				INFOPLIST_FILE = ClipboardHistory/Info.plist;
				LD_RUNPATH_SEARCH_PATHS = (
					"$(inherited)",
					"@executable_path/../Frameworks",
				);
				MARKETING_VERSION = 1.0;
				PRODUCT_BUNDLE_IDENTIFIER = dev.maxsiomin.cliph;
				PRODUCT_NAME = "$(TARGET_NAME)";
				STRING_CATALOG_GENERATE_SYMBOLS = YES;
				SWIFT_APPROACHABLE_CONCURRENCY = YES;
				SWIFT_DEFAULT_ACTOR_ISOLATION = MainActor;
				SWIFT_EMIT_LOC_STRINGS = YES;
				SWIFT_UPCOMING_FEATURE_MEMBER_IMPORT_VISIBILITY = YES;
				SWIFT_VERSION = 5.0;
			};
			name = Release;
		};
		F9A2B3C42FC3AF86004F00AD /* Debug */ = {
			isa = XCBuildConfiguration;
			buildSettings = {
				BUNDLE_LOADER = "$(TEST_HOST)";
				CODE_SIGN_STYLE = Automatic;
				CURRENT_PROJECT_VERSION = 1;
				GENERATE_INFOPLIST_FILE = YES;
				MARKETING_VERSION = 1.0;
				PRODUCT_BUNDLE_IDENTIFIER = dev.maxsiomin.cliph.tests;
				PRODUCT_NAME = "$(TARGET_NAME)";
				SWIFT_APPROACHABLE_CONCURRENCY = YES;
				SWIFT_DEFAULT_ACTOR_ISOLATION = MainActor;
				SWIFT_EMIT_LOC_STRINGS = NO;
				SWIFT_VERSION = 5.0;
				TEST_HOST = "$(BUILT_PRODUCTS_DIR)/ClipboardHistory.app/Contents/MacOS/ClipboardHistory";
			};
			name = Debug;
		};
		FAA2B3C42FC3AF86004F00AD /* Release */ = {
			isa = XCBuildConfiguration;
			buildSettings = {
				BUNDLE_LOADER = "$(TEST_HOST)";
				CODE_SIGN_STYLE = Automatic;
				CURRENT_PROJECT_VERSION = 1;
				GENERATE_INFOPLIST_FILE = YES;
				MARKETING_VERSION = 1.0;
				PRODUCT_BUNDLE_IDENTIFIER = dev.maxsiomin.cliph.tests;
				PRODUCT_NAME = "$(TARGET_NAME)";
				SWIFT_APPROACHABLE_CONCURRENCY = YES;
				SWIFT_DEFAULT_ACTOR_ISOLATION = MainActor;
				SWIFT_EMIT_LOC_STRINGS = NO;
				SWIFT_VERSION = 5.0;
				TEST_HOST = "$(BUILT_PRODUCTS_DIR)/ClipboardHistory.app/Contents/MacOS/ClipboardHistory";
			};
			name = Release;
		};
/* End XCBuildConfiguration section */

/* Begin XCConfigurationList section */
		3968DFA82FC3AF86004F00AD /* Build configuration list for PBXProject "ClipboardHistory" */ = {
			isa = XCConfigurationList;
			buildConfigurations = (
				3968DFB62FC3AF87004F00AD /* Debug */,
				3968DFB72FC3AF87004F00AD /* Release */,
			);
			defaultConfigurationIsVisible = 0;
			defaultConfigurationName = Release;
		};
		3968DFB82FC3AF87004F00AD /* Build configuration list for PBXNativeTarget "ClipboardHistory" */ = {
			isa = XCConfigurationList;
			buildConfigurations = (
				3968DFB92FC3AF87004F00AD /* Debug */,
				3968DFBA2FC3AF87004F00AD /* Release */,
			);
			defaultConfigurationIsVisible = 0;
			defaultConfigurationName = Release;
		};
		F8A2B3C42FC3AF86004F00AD /* Build configuration list for PBXNativeTarget "ClipboardHistoryTests" */ = {
			isa = XCConfigurationList;
			buildConfigurations = (
				F9A2B3C42FC3AF86004F00AD /* Debug */,
				FAA2B3C42FC3AF86004F00AD /* Release */,
			);
			defaultConfigurationIsVisible = 0;
			defaultConfigurationName = Release;
		};
/* End XCConfigurationList section */
	};
	rootObject = 3968DFA52FC3AF86004F00AD /* Project object */;
}
